// !$*UTF8*$!
{
	archiveVersion = 1;
	classes = {
	};
	objectVersion = 46;
	objects = {

/* Begin PBXAggregateTarget section */
		8B6D39F715283B2400B296D6 /* Mogenerator */ = {
			isa = PBXAggregateTarget;
			buildConfigurationList = 8B6D39F815283B2400B296D6 /* Build configuration list for PBXAggregateTarget "Mogenerator" */;
			buildPhases = (
				8B6D39FB15283B4C00B296D6 /* ShellScript */,
			);
			dependencies = (
			);
			name = Mogenerator;
			productName = Mogenerator;
		};
/* End PBXAggregateTarget section */

/* Begin PBXBuildFile section */
		496E58F5160ABFFE00BC00B5 /* _AbstractPerson.m in Sources */ = {isa = PBXBuildFile; fileRef = 496E58F2160ABFFE00BC00B5 /* _AbstractPerson.m */; };
		496E58F6160ABFFE00BC00B5 /* AbstractPerson.m in Sources */ = {isa = PBXBuildFile; fileRef = 496E58F4160ABFFE00BC00B5 /* AbstractPerson.m */; };
		8B22B7E915C2DFC800F01B27 /* Crashlytics.framework in Frameworks */ = {isa = PBXBuildFile; fileRef = 8B22B7E815C2DFC800F01B27 /* Crashlytics.framework */; };
		8B345364157C2B4200725E14 /* FTASetupViewController.m in Sources */ = {isa = PBXBuildFile; fileRef = 8B345363157C2B4200725E14 /* FTASetupViewController.m */; };
		8B5AFC52152D17C6000AF428 /* AudioToolbox.framework in Frameworks */ = {isa = PBXBuildFile; fileRef = 8B5AFC51152D17C6000AF428 /* AudioToolbox.framework */; };
		8B5AFC54152D17D1000AF428 /* CFNetwork.framework in Frameworks */ = {isa = PBXBuildFile; fileRef = 8B5AFC53152D17D1000AF428 /* CFNetwork.framework */; };
		8B5AFC56152D17DD000AF428 /* SystemConfiguration.framework in Frameworks */ = {isa = PBXBuildFile; fileRef = 8B5AFC55152D17DD000AF428 /* SystemConfiguration.framework */; };
		8B5AFC58152D17E6000AF428 /* MobileCoreServices.framework in Frameworks */ = {isa = PBXBuildFile; fileRef = 8B5AFC57152D17E6000AF428 /* MobileCoreServices.framework */; };
		8B5AFC5A152D17FE000AF428 /* libz.1.1.3.dylib in Frameworks */ = {isa = PBXBuildFile; fileRef = 8B5AFC59152D17FD000AF428 /* libz.1.1.3.dylib */; };
		8B5AFC5C152D180D000AF428 /* Security.framework in Frameworks */ = {isa = PBXBuildFile; fileRef = 8B5AFC5B152D180D000AF428 /* Security.framework */; };
		8B5AFC5E152D181F000AF428 /* QuartzCore.framework in Frameworks */ = {isa = PBXBuildFile; fileRef = 8B5AFC5D152D181F000AF428 /* QuartzCore.framework */; };
		8B5AFC67152D2BD7000AF428 /* FTAParseSync.m in Sources */ = {isa = PBXBuildFile; fileRef = 8B5AFC61152D2BD7000AF428 /* FTAParseSync.m */; };
		8B5AFC68152D2BD7000AF428 /* FTASyncHandler.m in Sources */ = {isa = PBXBuildFile; fileRef = 8B5AFC64152D2BD7000AF428 /* FTASyncHandler.m */; };
		8B5AFC6E152D2EED000AF428 /* _FTASyncParent.m in Sources */ = {isa = PBXBuildFile; fileRef = 8B5AFC6B152D2EED000AF428 /* _FTASyncParent.m */; };
		8B6D397D15282F1800B296D6 /* UIKit.framework in Frameworks */ = {isa = PBXBuildFile; fileRef = 8B6D397C15282F1800B296D6 /* UIKit.framework */; };
		8B6D397F15282F1800B296D6 /* Foundation.framework in Frameworks */ = {isa = PBXBuildFile; fileRef = 8B6D397E15282F1800B296D6 /* Foundation.framework */; };
		8B6D398115282F1800B296D6 /* CoreGraphics.framework in Frameworks */ = {isa = PBXBuildFile; fileRef = 8B6D398015282F1800B296D6 /* CoreGraphics.framework */; };
		8B6D398715282F1800B296D6 /* InfoPlist.strings in Resources */ = {isa = PBXBuildFile; fileRef = 8B6D398515282F1800B296D6 /* InfoPlist.strings */; };
		8B6D398915282F1800B296D6 /* main.m in Sources */ = {isa = PBXBuildFile; fileRef = 8B6D398815282F1800B296D6 /* main.m */; };
		8B6D398D15282F1800B296D6 /* FTAAppDelegate.m in Sources */ = {isa = PBXBuildFile; fileRef = 8B6D398C15282F1800B296D6 /* FTAAppDelegate.m */; };
		8B6D399B15282F1800B296D6 /* SenTestingKit.framework in Frameworks */ = {isa = PBXBuildFile; fileRef = 8B6D399A15282F1800B296D6 /* SenTestingKit.framework */; };
		8B6D399C15282F1800B296D6 /* UIKit.framework in Frameworks */ = {isa = PBXBuildFile; fileRef = 8B6D397C15282F1800B296D6 /* UIKit.framework */; };
		8B6D399D15282F1800B296D6 /* Foundation.framework in Frameworks */ = {isa = PBXBuildFile; fileRef = 8B6D397E15282F1800B296D6 /* Foundation.framework */; };
		8B6D39A515282F1800B296D6 /* InfoPlist.strings in Resources */ = {isa = PBXBuildFile; fileRef = 8B6D39A315282F1800B296D6 /* InfoPlist.strings */; };
		8B6D39A815282F1800B296D6 /* FTASyncTests.m in Sources */ = {isa = PBXBuildFile; fileRef = 8B6D39A715282F1800B296D6 /* FTASyncTests.m */; };
		8B6D39B21528313900B296D6 /* DefaultPrefs.plist in Resources */ = {isa = PBXBuildFile; fileRef = 8B6D39B11528313900B296D6 /* DefaultPrefs.plist */; };
		8B6D39EE1528379F00B296D6 /* FTASyncDemo.xcdatamodeld in Sources */ = {isa = PBXBuildFile; fileRef = 8B6D39EC1528379F00B296D6 /* FTASyncDemo.xcdatamodeld */; };
		8B6D3A0115283DFC00B296D6 /* _ToDoItem.m in Sources */ = {isa = PBXBuildFile; fileRef = 8B6D39FE15283DFC00B296D6 /* _ToDoItem.m */; };
		8B6D3A0215283DFC00B296D6 /* ToDoItem.m in Sources */ = {isa = PBXBuildFile; fileRef = 8B6D3A0015283DFC00B296D6 /* ToDoItem.m */; };
		8B6D3A0415283F3E00B296D6 /* FTAMainWindow.xib in Resources */ = {isa = PBXBuildFile; fileRef = 8B6D3A0315283F3E00B296D6 /* FTAMainWindow.xib */; };
		8B6D3A0C152840ED00B296D6 /* FTAPersonTableViewController.m in Sources */ = {isa = PBXBuildFile; fileRef = 8B6D3A0B152840EC00B296D6 /* FTAPersonTableViewController.m */; };
		8B6D3A101528447800B296D6 /* CoreData.framework in Frameworks */ = {isa = PBXBuildFile; fileRef = 8B6D3A0F1528447800B296D6 /* CoreData.framework */; };
		8B6D3A1B152848AF00B296D6 /* FTAToDoTableViewController.m in Sources */ = {isa = PBXBuildFile; fileRef = 8B6D3A1A152848AE00B296D6 /* FTAToDoTableViewController.m */; };
		8B6D3A1F1528498000B296D6 /* FTAToDoDetailViewController.m in Sources */ = {isa = PBXBuildFile; fileRef = 8B6D3A1D1528497F00B296D6 /* FTAToDoDetailViewController.m */; };
		8B6D3A201528498000B296D6 /* FTAToDoDetailViewController.xib in Resources */ = {isa = PBXBuildFile; fileRef = 8B6D3A1E1528498000B296D6 /* FTAToDoDetailViewController.xib */; };
		8B7A263315607CCF006FB602 /* FTAPersonDetailViewController.m in Sources */ = {isa = PBXBuildFile; fileRef = 8B7A263115607CCF006FB602 /* FTAPersonDetailViewController.m */; };
		8B7A263415607CCF006FB602 /* FTAPersonDetailViewController.xib in Resources */ = {isa = PBXBuildFile; fileRef = 8B7A263215607CCF006FB602 /* FTAPersonDetailViewController.xib */; };
		8B7A263715607D98006FB602 /* _Person.m in Sources */ = {isa = PBXBuildFile; fileRef = 8B7A263615607D98006FB602 /* _Person.m */; };
		8B7A263A15607DA5006FB602 /* Person.m in Sources */ = {isa = PBXBuildFile; fileRef = 8B7A263915607DA5006FB602 /* Person.m */; };
		8B7A263F15608327006FB602 /* preview.png in Resources */ = {isa = PBXBuildFile; fileRef = 8B7A263C15608327006FB602 /* preview.png */; };
		8B7A264015608327006FB602 /* setup.png in Resources */ = {isa = PBXBuildFile; fileRef = 8B7A263D15608327006FB602 /* setup.png */; };
		8B7A264115608327006FB602 /* user.png in Resources */ = {isa = PBXBuildFile; fileRef = 8B7A263E15608327006FB602 /* user.png */; };
		8B7A2644156090C8006FB602 /* FTASelectionTableViewController.m in Sources */ = {isa = PBXBuildFile; fileRef = 8B7A2643156090C8006FB602 /* FTASelectionTableViewController.m */; };
		8B937B29157AC84C00FA3E39 /* NPReachability.m in Sources */ = {isa = PBXBuildFile; fileRef = 8B937B28157AC84C00FA3E39 /* NPReachability.m */; };
		8B937B2D157BDDF800FA3E39 /* FTASyncParent.m in Sources */ = {isa = PBXBuildFile; fileRef = 8B937B2C157BDDF800FA3E39 /* FTASyncParent.m */; };
		B101F1461783B87A00A529C1 /* MagicalImportFunctions.m in Sources */ = {isa = PBXBuildFile; fileRef = B101F10E1783B87A00A529C1 /* MagicalImportFunctions.m */; };
		B101F1471783B87A00A529C1 /* NSAttributeDescription+MagicalDataImport.m in Sources */ = {isa = PBXBuildFile; fileRef = B101F1101783B87A00A529C1 /* NSAttributeDescription+MagicalDataImport.m */; };
		B101F1481783B87A00A529C1 /* NSEntityDescription+MagicalDataImport.m in Sources */ = {isa = PBXBuildFile; fileRef = B101F1121783B87A00A529C1 /* NSEntityDescription+MagicalDataImport.m */; };
		B101F1491783B87A00A529C1 /* NSNumber+MagicalDataImport.m in Sources */ = {isa = PBXBuildFile; fileRef = B101F1141783B87A00A529C1 /* NSNumber+MagicalDataImport.m */; };
		B101F14A1783B87A00A529C1 /* NSObject+MagicalDataImport.m in Sources */ = {isa = PBXBuildFile; fileRef = B101F1161783B87A00A529C1 /* NSObject+MagicalDataImport.m */; };
		B101F14B1783B87A00A529C1 /* NSRelationshipDescription+MagicalDataImport.m in Sources */ = {isa = PBXBuildFile; fileRef = B101F1181783B87A00A529C1 /* NSRelationshipDescription+MagicalDataImport.m */; };
		B101F14C1783B87A00A529C1 /* NSString+MagicalDataImport.m in Sources */ = {isa = PBXBuildFile; fileRef = B101F11A1783B87A00A529C1 /* NSString+MagicalDataImport.m */; };
		B101F14D1783B87A00A529C1 /* NSManagedObject+MagicalAggregation.m in Sources */ = {isa = PBXBuildFile; fileRef = B101F11D1783B87A00A529C1 /* NSManagedObject+MagicalAggregation.m */; };
		B101F14E1783B87A00A529C1 /* NSManagedObject+MagicalDataImport.m in Sources */ = {isa = PBXBuildFile; fileRef = B101F11F1783B87A00A529C1 /* NSManagedObject+MagicalDataImport.m */; };
		B101F14F1783B87A00A529C1 /* NSManagedObject+MagicalFinders.m in Sources */ = {isa = PBXBuildFile; fileRef = B101F1211783B87A00A529C1 /* NSManagedObject+MagicalFinders.m */; };
		B101F1501783B87A00A529C1 /* NSManagedObject+MagicalRecord.m in Sources */ = {isa = PBXBuildFile; fileRef = B101F1231783B87A00A529C1 /* NSManagedObject+MagicalRecord.m */; };
		B101F1511783B87A00A529C1 /* NSManagedObject+MagicalRequests.m in Sources */ = {isa = PBXBuildFile; fileRef = B101F1251783B87A00A529C1 /* NSManagedObject+MagicalRequests.m */; };
		B101F1521783B87A00A529C1 /* NSManagedObjectContext+MagicalObserving.m in Sources */ = {isa = PBXBuildFile; fileRef = B101F1281783B87A00A529C1 /* NSManagedObjectContext+MagicalObserving.m */; };
		B101F1531783B87A00A529C1 /* NSManagedObjectContext+MagicalRecord.m in Sources */ = {isa = PBXBuildFile; fileRef = B101F12A1783B87A00A529C1 /* NSManagedObjectContext+MagicalRecord.m */; };
		B101F1541783B87A00A529C1 /* NSManagedObjectContext+MagicalSaves.m in Sources */ = {isa = PBXBuildFile; fileRef = B101F12C1783B87A00A529C1 /* NSManagedObjectContext+MagicalSaves.m */; };
		B101F1551783B87A00A529C1 /* NSManagedObjectContext+MagicalThreading.m in Sources */ = {isa = PBXBuildFile; fileRef = B101F12E1783B87A00A529C1 /* NSManagedObjectContext+MagicalThreading.m */; };
		B101F1561783B87A00A529C1 /* NSManagedObjectModel+MagicalRecord.m in Sources */ = {isa = PBXBuildFile; fileRef = B101F1301783B87A00A529C1 /* NSManagedObjectModel+MagicalRecord.m */; };
		B101F1571783B87A00A529C1 /* NSPersistentStore+MagicalRecord.m in Sources */ = {isa = PBXBuildFile; fileRef = B101F1321783B87A00A529C1 /* NSPersistentStore+MagicalRecord.m */; };
		B101F1581783B87A00A529C1 /* NSPersistentStoreCoordinator+MagicalRecord.m in Sources */ = {isa = PBXBuildFile; fileRef = B101F1341783B87A00A529C1 /* NSPersistentStoreCoordinator+MagicalRecord.m */; };
		B101F1591783B87A00A529C1 /* MagicalRecord+Actions.m in Sources */ = {isa = PBXBuildFile; fileRef = B101F1371783B87A00A529C1 /* MagicalRecord+Actions.m */; };
		B101F15A1783B87A00A529C1 /* MagicalRecord+ErrorHandling.m in Sources */ = {isa = PBXBuildFile; fileRef = B101F1391783B87A00A529C1 /* MagicalRecord+ErrorHandling.m */; };
		B101F15B1783B87A00A529C1 /* MagicalRecord+iCloud.m in Sources */ = {isa = PBXBuildFile; fileRef = B101F13B1783B87A00A529C1 /* MagicalRecord+iCloud.m */; };
		B101F15C1783B87A00A529C1 /* MagicalRecord+Options.m in Sources */ = {isa = PBXBuildFile; fileRef = B101F13D1783B87A00A529C1 /* MagicalRecord+Options.m */; };
		B101F15D1783B87A00A529C1 /* MagicalRecord+Setup.m in Sources */ = {isa = PBXBuildFile; fileRef = B101F13F1783B87A00A529C1 /* MagicalRecord+Setup.m */; };
		B101F15E1783B87A00A529C1 /* MagicalRecord+ShorthandSupport.m in Sources */ = {isa = PBXBuildFile; fileRef = B101F1411783B87A00A529C1 /* MagicalRecord+ShorthandSupport.m */; };
		B101F15F1783B87A00A529C1 /* MagicalRecord.m in Sources */ = {isa = PBXBuildFile; fileRef = B101F1431783B87A00A529C1 /* MagicalRecord.m */; };
		B1C4057B1783F44100339D27 /* CoreData.framework in Frameworks */ = {isa = PBXBuildFile; fileRef = 8B6D3A0F1528447800B296D6 /* CoreData.framework */; };
		B1C4058017848AF100339D27 /* Parse.framework in Frameworks */ = {isa = PBXBuildFile; fileRef = B1C4057E17848A7F00339D27 /* Parse.framework */; };
		B1C4058117848B0100339D27 /* Parse.framework in Frameworks */ = {isa = PBXBuildFile; fileRef = B1C4057E17848A7F00339D27 /* Parse.framework */; };
		B1C4058317848B9200339D27 /* CoreLocation.framework in Frameworks */ = {isa = PBXBuildFile; fileRef = B1C4058217848B9100339D27 /* CoreLocation.framework */; };
/* End PBXBuildFile section */

/* Begin PBXContainerItemProxy section */
		8B6D399E15282F1800B296D6 /* PBXContainerItemProxy */ = {
			isa = PBXContainerItemProxy;
			containerPortal = 8B6D396F15282F1700B296D6 /* Project object */;
			proxyType = 1;
			remoteGlobalIDString = 8B6D397715282F1700B296D6;
			remoteInfo = FTASyncDemo;
		};
/* End PBXContainerItemProxy section */

/* Begin PBXFileReference section */
		496E58EF160ABEC300BC00B5 /* FTASyncDemo3.xcdatamodel */ = {isa = PBXFileReference; lastKnownFileType = wrapper.xcdatamodel; path = FTASyncDemo3.xcdatamodel; sourceTree = "<group>"; };
		496E58F1160ABFFE00BC00B5 /* _AbstractPerson.h */ = {isa = PBXFileReference; fileEncoding = 4; lastKnownFileType = sourcecode.c.h; path = _AbstractPerson.h; sourceTree = "<group>"; };
		496E58F2160ABFFE00BC00B5 /* _AbstractPerson.m */ = {isa = PBXFileReference; fileEncoding = 4; lastKnownFileType = sourcecode.c.objc; path = _AbstractPerson.m; sourceTree = "<group>"; };
		496E58F3160ABFFE00BC00B5 /* AbstractPerson.h */ = {isa = PBXFileReference; fileEncoding = 4; lastKnownFileType = sourcecode.c.h; path = AbstractPerson.h; sourceTree = "<group>"; };
		496E58F4160ABFFE00BC00B5 /* AbstractPerson.m */ = {isa = PBXFileReference; fileEncoding = 4; lastKnownFileType = sourcecode.c.objc; path = AbstractPerson.m; sourceTree = "<group>"; };
		8B22B7E815C2DFC800F01B27 /* Crashlytics.framework */ = {isa = PBXFileReference; lastKnownFileType = wrapper.framework; path = Crashlytics.framework; sourceTree = "<group>"; };
		8B345362157C2B4200725E14 /* FTASetupViewController.h */ = {isa = PBXFileReference; fileEncoding = 4; lastKnownFileType = sourcecode.c.h; path = FTASetupViewController.h; sourceTree = "<group>"; };
		8B345363157C2B4200725E14 /* FTASetupViewController.m */ = {isa = PBXFileReference; fileEncoding = 4; lastKnownFileType = sourcecode.c.objc; path = FTASetupViewController.m; sourceTree = "<group>"; };
		8B5AFC51152D17C6000AF428 /* AudioToolbox.framework */ = {isa = PBXFileReference; lastKnownFileType = wrapper.framework; name = AudioToolbox.framework; path = System/Library/Frameworks/AudioToolbox.framework; sourceTree = SDKROOT; };
		8B5AFC53152D17D1000AF428 /* CFNetwork.framework */ = {isa = PBXFileReference; lastKnownFileType = wrapper.framework; name = CFNetwork.framework; path = System/Library/Frameworks/CFNetwork.framework; sourceTree = SDKROOT; };
		8B5AFC55152D17DD000AF428 /* SystemConfiguration.framework */ = {isa = PBXFileReference; lastKnownFileType = wrapper.framework; name = SystemConfiguration.framework; path = System/Library/Frameworks/SystemConfiguration.framework; sourceTree = SDKROOT; };
		8B5AFC57152D17E6000AF428 /* MobileCoreServices.framework */ = {isa = PBXFileReference; lastKnownFileType = wrapper.framework; name = MobileCoreServices.framework; path = System/Library/Frameworks/MobileCoreServices.framework; sourceTree = SDKROOT; };
		8B5AFC59152D17FD000AF428 /* libz.1.1.3.dylib */ = {isa = PBXFileReference; lastKnownFileType = "compiled.mach-o.dylib"; name = libz.1.1.3.dylib; path = usr/lib/libz.1.1.3.dylib; sourceTree = SDKROOT; };
		8B5AFC5B152D180D000AF428 /* Security.framework */ = {isa = PBXFileReference; lastKnownFileType = wrapper.framework; name = Security.framework; path = System/Library/Frameworks/Security.framework; sourceTree = SDKROOT; };
		8B5AFC5D152D181F000AF428 /* QuartzCore.framework */ = {isa = PBXFileReference; lastKnownFileType = wrapper.framework; name = QuartzCore.framework; path = System/Library/Frameworks/QuartzCore.framework; sourceTree = SDKROOT; };
		8B5AFC5F152D1BC4000AF428 /* FTASyncDemo1.xcdatamodel */ = {isa = PBXFileReference; lastKnownFileType = wrapper.xcdatamodel; path = FTASyncDemo1.xcdatamodel; sourceTree = "<group>"; };
		8B5AFC60152D2BD6000AF428 /* FTAParseSync.h */ = {isa = PBXFileReference; fileEncoding = 4; lastKnownFileType = sourcecode.c.h; path = FTAParseSync.h; sourceTree = "<group>"; };
		8B5AFC61152D2BD7000AF428 /* FTAParseSync.m */ = {isa = PBXFileReference; fileEncoding = 4; lastKnownFileType = sourcecode.c.objc; path = FTAParseSync.m; sourceTree = "<group>"; };
		8B5AFC62152D2BD7000AF428 /* FTASync.h */ = {isa = PBXFileReference; fileEncoding = 4; lastKnownFileType = sourcecode.c.h; path = FTASync.h; sourceTree = "<group>"; };
		8B5AFC63152D2BD7000AF428 /* FTASyncHandler.h */ = {isa = PBXFileReference; fileEncoding = 4; lastKnownFileType = sourcecode.c.h; path = FTASyncHandler.h; sourceTree = "<group>"; };
		8B5AFC64152D2BD7000AF428 /* FTASyncHandler.m */ = {isa = PBXFileReference; fileEncoding = 4; lastKnownFileType = sourcecode.c.objc; path = FTASyncHandler.m; sourceTree = "<group>"; };
		8B5AFC6A152D2EED000AF428 /* _FTASyncParent.h */ = {isa = PBXFileReference; fileEncoding = 4; lastKnownFileType = sourcecode.c.h; path = _FTASyncParent.h; sourceTree = "<group>"; };
		8B5AFC6B152D2EED000AF428 /* _FTASyncParent.m */ = {isa = PBXFileReference; fileEncoding = 4; lastKnownFileType = sourcecode.c.objc; path = _FTASyncParent.m; sourceTree = "<group>"; };
		8B6D397815282F1700B296D6 /* FTASyncDemo.app */ = {isa = PBXFileReference; explicitFileType = wrapper.application; includeInIndex = 0; path = FTASyncDemo.app; sourceTree = BUILT_PRODUCTS_DIR; };
		8B6D397C15282F1800B296D6 /* UIKit.framework */ = {isa = PBXFileReference; lastKnownFileType = wrapper.framework; name = UIKit.framework; path = System/Library/Frameworks/UIKit.framework; sourceTree = SDKROOT; };
		8B6D397E15282F1800B296D6 /* Foundation.framework */ = {isa = PBXFileReference; lastKnownFileType = wrapper.framework; name = Foundation.framework; path = System/Library/Frameworks/Foundation.framework; sourceTree = SDKROOT; };
		8B6D398015282F1800B296D6 /* CoreGraphics.framework */ = {isa = PBXFileReference; lastKnownFileType = wrapper.framework; name = CoreGraphics.framework; path = System/Library/Frameworks/CoreGraphics.framework; sourceTree = SDKROOT; };
		8B6D398415282F1800B296D6 /* FTASyncDemo-Info.plist */ = {isa = PBXFileReference; lastKnownFileType = text.plist.xml; path = "FTASyncDemo-Info.plist"; sourceTree = "<group>"; };
		8B6D398615282F1800B296D6 /* en */ = {isa = PBXFileReference; lastKnownFileType = text.plist.strings; name = en; path = en.lproj/InfoPlist.strings; sourceTree = "<group>"; };
		8B6D398815282F1800B296D6 /* main.m */ = {isa = PBXFileReference; lastKnownFileType = sourcecode.c.objc; path = main.m; sourceTree = "<group>"; };
		8B6D398A15282F1800B296D6 /* FTASyncDemo-Prefix.pch */ = {isa = PBXFileReference; lastKnownFileType = sourcecode.c.h; path = "FTASyncDemo-Prefix.pch"; sourceTree = "<group>"; };
		8B6D398B15282F1800B296D6 /* FTAAppDelegate.h */ = {isa = PBXFileReference; lastKnownFileType = sourcecode.c.h; path = FTAAppDelegate.h; sourceTree = "<group>"; };
		8B6D398C15282F1800B296D6 /* FTAAppDelegate.m */ = {isa = PBXFileReference; lastKnownFileType = sourcecode.c.objc; path = FTAAppDelegate.m; sourceTree = "<group>"; };
		8B6D399915282F1800B296D6 /* FTASyncDemoTests.octest */ = {isa = PBXFileReference; explicitFileType = wrapper.cfbundle; includeInIndex = 0; path = FTASyncDemoTests.octest; sourceTree = BUILT_PRODUCTS_DIR; };
		8B6D399A15282F1800B296D6 /* SenTestingKit.framework */ = {isa = PBXFileReference; lastKnownFileType = wrapper.framework; name = SenTestingKit.framework; path = Library/Frameworks/SenTestingKit.framework; sourceTree = DEVELOPER_DIR; };
		8B6D39A215282F1800B296D6 /* FTASyncDemoTests-Info.plist */ = {isa = PBXFileReference; lastKnownFileType = text.plist.xml; path = "FTASyncDemoTests-Info.plist"; sourceTree = "<group>"; };
		8B6D39A415282F1800B296D6 /* en */ = {isa = PBXFileReference; lastKnownFileType = text.plist.strings; name = en; path = en.lproj/InfoPlist.strings; sourceTree = "<group>"; };
		8B6D39A615282F1800B296D6 /* FTASyncTests.h */ = {isa = PBXFileReference; lastKnownFileType = sourcecode.c.h; path = FTASyncTests.h; sourceTree = "<group>"; };
		8B6D39A715282F1800B296D6 /* FTASyncTests.m */ = {isa = PBXFileReference; lastKnownFileType = sourcecode.c.objc; path = FTASyncTests.m; sourceTree = "<group>"; };
		8B6D39B11528313900B296D6 /* DefaultPrefs.plist */ = {isa = PBXFileReference; fileEncoding = 4; lastKnownFileType = text.plist.xml; path = DefaultPrefs.plist; sourceTree = "<group>"; };
		8B6D39ED1528379F00B296D6 /* FTASyncDemo.xcdatamodel */ = {isa = PBXFileReference; lastKnownFileType = wrapper.xcdatamodel; path = FTASyncDemo.xcdatamodel; sourceTree = "<group>"; };
		8B6D39FD15283DFC00B296D6 /* _ToDoItem.h */ = {isa = PBXFileReference; fileEncoding = 4; lastKnownFileType = sourcecode.c.h; path = _ToDoItem.h; sourceTree = "<group>"; };
		8B6D39FE15283DFC00B296D6 /* _ToDoItem.m */ = {isa = PBXFileReference; fileEncoding = 4; lastKnownFileType = sourcecode.c.objc; path = _ToDoItem.m; sourceTree = "<group>"; };
		8B6D39FF15283DFC00B296D6 /* ToDoItem.h */ = {isa = PBXFileReference; fileEncoding = 4; lastKnownFileType = sourcecode.c.h; path = ToDoItem.h; sourceTree = "<group>"; };
		8B6D3A0015283DFC00B296D6 /* ToDoItem.m */ = {isa = PBXFileReference; fileEncoding = 4; lastKnownFileType = sourcecode.c.objc; path = ToDoItem.m; sourceTree = "<group>"; };
		8B6D3A0315283F3E00B296D6 /* FTAMainWindow.xib */ = {isa = PBXFileReference; fileEncoding = 4; lastKnownFileType = file.xib; path = FTAMainWindow.xib; sourceTree = "<group>"; };
		8B6D3A0A152840EC00B296D6 /* FTAPersonTableViewController.h */ = {isa = PBXFileReference; fileEncoding = 4; lastKnownFileType = sourcecode.c.h; path = FTAPersonTableViewController.h; sourceTree = "<group>"; };
		8B6D3A0B152840EC00B296D6 /* FTAPersonTableViewController.m */ = {isa = PBXFileReference; fileEncoding = 4; lastKnownFileType = sourcecode.c.objc; path = FTAPersonTableViewController.m; sourceTree = "<group>"; };
		8B6D3A0F1528447800B296D6 /* CoreData.framework */ = {isa = PBXFileReference; lastKnownFileType = wrapper.framework; name = CoreData.framework; path = System/Library/Frameworks/CoreData.framework; sourceTree = SDKROOT; };
		8B6D3A19152848AE00B296D6 /* FTAToDoTableViewController.h */ = {isa = PBXFileReference; fileEncoding = 4; lastKnownFileType = sourcecode.c.h; path = FTAToDoTableViewController.h; sourceTree = "<group>"; };
		8B6D3A1A152848AE00B296D6 /* FTAToDoTableViewController.m */ = {isa = PBXFileReference; fileEncoding = 4; lastKnownFileType = sourcecode.c.objc; path = FTAToDoTableViewController.m; sourceTree = "<group>"; };
		8B6D3A1C1528497E00B296D6 /* FTAToDoDetailViewController.h */ = {isa = PBXFileReference; fileEncoding = 4; lastKnownFileType = sourcecode.c.h; path = FTAToDoDetailViewController.h; sourceTree = "<group>"; };
		8B6D3A1D1528497F00B296D6 /* FTAToDoDetailViewController.m */ = {isa = PBXFileReference; fileEncoding = 4; lastKnownFileType = sourcecode.c.objc; path = FTAToDoDetailViewController.m; sourceTree = "<group>"; };
		8B6D3A1E1528498000B296D6 /* FTAToDoDetailViewController.xib */ = {isa = PBXFileReference; fileEncoding = 4; lastKnownFileType = file.xib; path = FTAToDoDetailViewController.xib; sourceTree = "<group>"; };
		8B7A262615607515006FB602 /* FTASyncDemo2.xcdatamodel */ = {isa = PBXFileReference; lastKnownFileType = wrapper.xcdatamodel; path = FTASyncDemo2.xcdatamodel; sourceTree = "<group>"; };
		8B7A263015607CCE006FB602 /* FTAPersonDetailViewController.h */ = {isa = PBXFileReference; fileEncoding = 4; lastKnownFileType = sourcecode.c.h; path = FTAPersonDetailViewController.h; sourceTree = "<group>"; };
		8B7A263115607CCF006FB602 /* FTAPersonDetailViewController.m */ = {isa = PBXFileReference; fileEncoding = 4; lastKnownFileType = sourcecode.c.objc; path = FTAPersonDetailViewController.m; sourceTree = "<group>"; };
		8B7A263215607CCF006FB602 /* FTAPersonDetailViewController.xib */ = {isa = PBXFileReference; fileEncoding = 4; lastKnownFileType = file.xib; path = FTAPersonDetailViewController.xib; sourceTree = "<group>"; };
		8B7A263515607D98006FB602 /* _Person.h */ = {isa = PBXFileReference; fileEncoding = 4; lastKnownFileType = sourcecode.c.h; path = _Person.h; sourceTree = "<group>"; };
		8B7A263615607D98006FB602 /* _Person.m */ = {isa = PBXFileReference; fileEncoding = 4; lastKnownFileType = sourcecode.c.objc; path = _Person.m; sourceTree = "<group>"; };
		8B7A263815607DA5006FB602 /* Person.h */ = {isa = PBXFileReference; fileEncoding = 4; lastKnownFileType = sourcecode.c.h; path = Person.h; sourceTree = "<group>"; };
		8B7A263915607DA5006FB602 /* Person.m */ = {isa = PBXFileReference; fileEncoding = 4; lastKnownFileType = sourcecode.c.objc; path = Person.m; sourceTree = "<group>"; };
		8B7A263C15608327006FB602 /* preview.png */ = {isa = PBXFileReference; lastKnownFileType = image.png; path = preview.png; sourceTree = "<group>"; };
		8B7A263D15608327006FB602 /* setup.png */ = {isa = PBXFileReference; lastKnownFileType = image.png; path = setup.png; sourceTree = "<group>"; };
		8B7A263E15608327006FB602 /* user.png */ = {isa = PBXFileReference; lastKnownFileType = image.png; path = user.png; sourceTree = "<group>"; };
		8B7A2642156090C7006FB602 /* FTASelectionTableViewController.h */ = {isa = PBXFileReference; fileEncoding = 4; lastKnownFileType = sourcecode.c.h; path = FTASelectionTableViewController.h; sourceTree = "<group>"; };
		8B7A2643156090C8006FB602 /* FTASelectionTableViewController.m */ = {isa = PBXFileReference; fileEncoding = 4; lastKnownFileType = sourcecode.c.objc; path = FTASelectionTableViewController.m; sourceTree = "<group>"; };
		8B937B27157AC84C00FA3E39 /* NPReachability.h */ = {isa = PBXFileReference; fileEncoding = 4; lastKnownFileType = sourcecode.c.h; path = NPReachability.h; sourceTree = "<group>"; };
		8B937B28157AC84C00FA3E39 /* NPReachability.m */ = {isa = PBXFileReference; fileEncoding = 4; lastKnownFileType = sourcecode.c.objc; path = NPReachability.m; sourceTree = "<group>"; };
		8B937B2B157BDDF800FA3E39 /* FTASyncParent.h */ = {isa = PBXFileReference; fileEncoding = 4; lastKnownFileType = sourcecode.c.h; name = FTASyncParent.h; path = ../../../Source/FTASyncParent.h; sourceTree = "<group>"; };
		8B937B2C157BDDF800FA3E39 /* FTASyncParent.m */ = {isa = PBXFileReference; fileEncoding = 4; lastKnownFileType = sourcecode.c.objc; name = FTASyncParent.m; path = ../../../Source/FTASyncParent.m; sourceTree = "<group>"; };
		B101F1091783176E00A529C1 /* ParseKeys.h */ = {isa = PBXFileReference; lastKnownFileType = sourcecode.c.h; path = ParseKeys.h; sourceTree = "<group>"; };
		B101F10D1783B87A00A529C1 /* MagicalImportFunctions.h */ = {isa = PBXFileReference; fileEncoding = 4; lastKnownFileType = sourcecode.c.h; path = MagicalImportFunctions.h; sourceTree = "<group>"; };
		B101F10E1783B87A00A529C1 /* MagicalImportFunctions.m */ = {isa = PBXFileReference; fileEncoding = 4; lastKnownFileType = sourcecode.c.objc; path = MagicalImportFunctions.m; sourceTree = "<group>"; };
		B101F10F1783B87A00A529C1 /* NSAttributeDescription+MagicalDataImport.h */ = {isa = PBXFileReference; fileEncoding = 4; lastKnownFileType = sourcecode.c.h; path = "NSAttributeDescription+MagicalDataImport.h"; sourceTree = "<group>"; };
		B101F1101783B87A00A529C1 /* NSAttributeDescription+MagicalDataImport.m */ = {isa = PBXFileReference; fileEncoding = 4; lastKnownFileType = sourcecode.c.objc; path = "NSAttributeDescription+MagicalDataImport.m"; sourceTree = "<group>"; };
		B101F1111783B87A00A529C1 /* NSEntityDescription+MagicalDataImport.h */ = {isa = PBXFileReference; fileEncoding = 4; lastKnownFileType = sourcecode.c.h; path = "NSEntityDescription+MagicalDataImport.h"; sourceTree = "<group>"; };
		B101F1121783B87A00A529C1 /* NSEntityDescription+MagicalDataImport.m */ = {isa = PBXFileReference; fileEncoding = 4; lastKnownFileType = sourcecode.c.objc; path = "NSEntityDescription+MagicalDataImport.m"; sourceTree = "<group>"; };
		B101F1131783B87A00A529C1 /* NSNumber+MagicalDataImport.h */ = {isa = PBXFileReference; fileEncoding = 4; lastKnownFileType = sourcecode.c.h; path = "NSNumber+MagicalDataImport.h"; sourceTree = "<group>"; };
		B101F1141783B87A00A529C1 /* NSNumber+MagicalDataImport.m */ = {isa = PBXFileReference; fileEncoding = 4; lastKnownFileType = sourcecode.c.objc; path = "NSNumber+MagicalDataImport.m"; sourceTree = "<group>"; };
		B101F1151783B87A00A529C1 /* NSObject+MagicalDataImport.h */ = {isa = PBXFileReference; fileEncoding = 4; lastKnownFileType = sourcecode.c.h; path = "NSObject+MagicalDataImport.h"; sourceTree = "<group>"; };
		B101F1161783B87A00A529C1 /* NSObject+MagicalDataImport.m */ = {isa = PBXFileReference; fileEncoding = 4; lastKnownFileType = sourcecode.c.objc; path = "NSObject+MagicalDataImport.m"; sourceTree = "<group>"; };
		B101F1171783B87A00A529C1 /* NSRelationshipDescription+MagicalDataImport.h */ = {isa = PBXFileReference; fileEncoding = 4; lastKnownFileType = sourcecode.c.h; path = "NSRelationshipDescription+MagicalDataImport.h"; sourceTree = "<group>"; };
		B101F1181783B87A00A529C1 /* NSRelationshipDescription+MagicalDataImport.m */ = {isa = PBXFileReference; fileEncoding = 4; lastKnownFileType = sourcecode.c.objc; path = "NSRelationshipDescription+MagicalDataImport.m"; sourceTree = "<group>"; };
		B101F1191783B87A00A529C1 /* NSString+MagicalDataImport.h */ = {isa = PBXFileReference; fileEncoding = 4; lastKnownFileType = sourcecode.c.h; path = "NSString+MagicalDataImport.h"; sourceTree = "<group>"; };
		B101F11A1783B87A00A529C1 /* NSString+MagicalDataImport.m */ = {isa = PBXFileReference; fileEncoding = 4; lastKnownFileType = sourcecode.c.objc; path = "NSString+MagicalDataImport.m"; sourceTree = "<group>"; };
		B101F11C1783B87A00A529C1 /* NSManagedObject+MagicalAggregation.h */ = {isa = PBXFileReference; fileEncoding = 4; lastKnownFileType = sourcecode.c.h; path = "NSManagedObject+MagicalAggregation.h"; sourceTree = "<group>"; };
		B101F11D1783B87A00A529C1 /* NSManagedObject+MagicalAggregation.m */ = {isa = PBXFileReference; fileEncoding = 4; lastKnownFileType = sourcecode.c.objc; path = "NSManagedObject+MagicalAggregation.m"; sourceTree = "<group>"; };
		B101F11E1783B87A00A529C1 /* NSManagedObject+MagicalDataImport.h */ = {isa = PBXFileReference; fileEncoding = 4; lastKnownFileType = sourcecode.c.h; path = "NSManagedObject+MagicalDataImport.h"; sourceTree = "<group>"; };
		B101F11F1783B87A00A529C1 /* NSManagedObject+MagicalDataImport.m */ = {isa = PBXFileReference; fileEncoding = 4; lastKnownFileType = sourcecode.c.objc; path = "NSManagedObject+MagicalDataImport.m"; sourceTree = "<group>"; };
		B101F1201783B87A00A529C1 /* NSManagedObject+MagicalFinders.h */ = {isa = PBXFileReference; fileEncoding = 4; lastKnownFileType = sourcecode.c.h; path = "NSManagedObject+MagicalFinders.h"; sourceTree = "<group>"; };
		B101F1211783B87A00A529C1 /* NSManagedObject+MagicalFinders.m */ = {isa = PBXFileReference; fileEncoding = 4; lastKnownFileType = sourcecode.c.objc; path = "NSManagedObject+MagicalFinders.m"; sourceTree = "<group>"; };
		B101F1221783B87A00A529C1 /* NSManagedObject+MagicalRecord.h */ = {isa = PBXFileReference; fileEncoding = 4; lastKnownFileType = sourcecode.c.h; path = "NSManagedObject+MagicalRecord.h"; sourceTree = "<group>"; };
		B101F1231783B87A00A529C1 /* NSManagedObject+MagicalRecord.m */ = {isa = PBXFileReference; fileEncoding = 4; lastKnownFileType = sourcecode.c.objc; path = "NSManagedObject+MagicalRecord.m"; sourceTree = "<group>"; };
		B101F1241783B87A00A529C1 /* NSManagedObject+MagicalRequests.h */ = {isa = PBXFileReference; fileEncoding = 4; lastKnownFileType = sourcecode.c.h; path = "NSManagedObject+MagicalRequests.h"; sourceTree = "<group>"; };
		B101F1251783B87A00A529C1 /* NSManagedObject+MagicalRequests.m */ = {isa = PBXFileReference; fileEncoding = 4; lastKnownFileType = sourcecode.c.objc; path = "NSManagedObject+MagicalRequests.m"; sourceTree = "<group>"; };
		B101F1271783B87A00A529C1 /* NSManagedObjectContext+MagicalObserving.h */ = {isa = PBXFileReference; fileEncoding = 4; lastKnownFileType = sourcecode.c.h; path = "NSManagedObjectContext+MagicalObserving.h"; sourceTree = "<group>"; };
		B101F1281783B87A00A529C1 /* NSManagedObjectContext+MagicalObserving.m */ = {isa = PBXFileReference; fileEncoding = 4; lastKnownFileType = sourcecode.c.objc; path = "NSManagedObjectContext+MagicalObserving.m"; sourceTree = "<group>"; };
		B101F1291783B87A00A529C1 /* NSManagedObjectContext+MagicalRecord.h */ = {isa = PBXFileReference; fileEncoding = 4; lastKnownFileType = sourcecode.c.h; path = "NSManagedObjectContext+MagicalRecord.h"; sourceTree = "<group>"; };
		B101F12A1783B87A00A529C1 /* NSManagedObjectContext+MagicalRecord.m */ = {isa = PBXFileReference; fileEncoding = 4; lastKnownFileType = sourcecode.c.objc; path = "NSManagedObjectContext+MagicalRecord.m"; sourceTree = "<group>"; };
		B101F12B1783B87A00A529C1 /* NSManagedObjectContext+MagicalSaves.h */ = {isa = PBXFileReference; fileEncoding = 4; lastKnownFileType = sourcecode.c.h; path = "NSManagedObjectContext+MagicalSaves.h"; sourceTree = "<group>"; };
		B101F12C1783B87A00A529C1 /* NSManagedObjectContext+MagicalSaves.m */ = {isa = PBXFileReference; fileEncoding = 4; lastKnownFileType = sourcecode.c.objc; path = "NSManagedObjectContext+MagicalSaves.m"; sourceTree = "<group>"; };
		B101F12D1783B87A00A529C1 /* NSManagedObjectContext+MagicalThreading.h */ = {isa = PBXFileReference; fileEncoding = 4; lastKnownFileType = sourcecode.c.h; path = "NSManagedObjectContext+MagicalThreading.h"; sourceTree = "<group>"; };
		B101F12E1783B87A00A529C1 /* NSManagedObjectContext+MagicalThreading.m */ = {isa = PBXFileReference; fileEncoding = 4; lastKnownFileType = sourcecode.c.objc; path = "NSManagedObjectContext+MagicalThreading.m"; sourceTree = "<group>"; };
		B101F12F1783B87A00A529C1 /* NSManagedObjectModel+MagicalRecord.h */ = {isa = PBXFileReference; fileEncoding = 4; lastKnownFileType = sourcecode.c.h; path = "NSManagedObjectModel+MagicalRecord.h"; sourceTree = "<group>"; };
		B101F1301783B87A00A529C1 /* NSManagedObjectModel+MagicalRecord.m */ = {isa = PBXFileReference; fileEncoding = 4; lastKnownFileType = sourcecode.c.objc; path = "NSManagedObjectModel+MagicalRecord.m"; sourceTree = "<group>"; };
		B101F1311783B87A00A529C1 /* NSPersistentStore+MagicalRecord.h */ = {isa = PBXFileReference; fileEncoding = 4; lastKnownFileType = sourcecode.c.h; path = "NSPersistentStore+MagicalRecord.h"; sourceTree = "<group>"; };
		B101F1321783B87A00A529C1 /* NSPersistentStore+MagicalRecord.m */ = {isa = PBXFileReference; fileEncoding = 4; lastKnownFileType = sourcecode.c.objc; path = "NSPersistentStore+MagicalRecord.m"; sourceTree = "<group>"; };
		B101F1331783B87A00A529C1 /* NSPersistentStoreCoordinator+MagicalRecord.h */ = {isa = PBXFileReference; fileEncoding = 4; lastKnownFileType = sourcecode.c.h; path = "NSPersistentStoreCoordinator+MagicalRecord.h"; sourceTree = "<group>"; };
		B101F1341783B87A00A529C1 /* NSPersistentStoreCoordinator+MagicalRecord.m */ = {isa = PBXFileReference; fileEncoding = 4; lastKnownFileType = sourcecode.c.objc; path = "NSPersistentStoreCoordinator+MagicalRecord.m"; sourceTree = "<group>"; };
		B101F1361783B87A00A529C1 /* MagicalRecord+Actions.h */ = {isa = PBXFileReference; fileEncoding = 4; lastKnownFileType = sourcecode.c.h; path = "MagicalRecord+Actions.h"; sourceTree = "<group>"; };
		B101F1371783B87A00A529C1 /* MagicalRecord+Actions.m */ = {isa = PBXFileReference; fileEncoding = 4; lastKnownFileType = sourcecode.c.objc; path = "MagicalRecord+Actions.m"; sourceTree = "<group>"; };
		B101F1381783B87A00A529C1 /* MagicalRecord+ErrorHandling.h */ = {isa = PBXFileReference; fileEncoding = 4; lastKnownFileType = sourcecode.c.h; path = "MagicalRecord+ErrorHandling.h"; sourceTree = "<group>"; };
		B101F1391783B87A00A529C1 /* MagicalRecord+ErrorHandling.m */ = {isa = PBXFileReference; fileEncoding = 4; lastKnownFileType = sourcecode.c.objc; path = "MagicalRecord+ErrorHandling.m"; sourceTree = "<group>"; };
		B101F13A1783B87A00A529C1 /* MagicalRecord+iCloud.h */ = {isa = PBXFileReference; fileEncoding = 4; lastKnownFileType = sourcecode.c.h; path = "MagicalRecord+iCloud.h"; sourceTree = "<group>"; };
		B101F13B1783B87A00A529C1 /* MagicalRecord+iCloud.m */ = {isa = PBXFileReference; fileEncoding = 4; lastKnownFileType = sourcecode.c.objc; path = "MagicalRecord+iCloud.m"; sourceTree = "<group>"; };
		B101F13C1783B87A00A529C1 /* MagicalRecord+Options.h */ = {isa = PBXFileReference; fileEncoding = 4; lastKnownFileType = sourcecode.c.h; path = "MagicalRecord+Options.h"; sourceTree = "<group>"; };
		B101F13D1783B87A00A529C1 /* MagicalRecord+Options.m */ = {isa = PBXFileReference; fileEncoding = 4; lastKnownFileType = sourcecode.c.objc; path = "MagicalRecord+Options.m"; sourceTree = "<group>"; };
		B101F13E1783B87A00A529C1 /* MagicalRecord+Setup.h */ = {isa = PBXFileReference; fileEncoding = 4; lastKnownFileType = sourcecode.c.h; path = "MagicalRecord+Setup.h"; sourceTree = "<group>"; };
		B101F13F1783B87A00A529C1 /* MagicalRecord+Setup.m */ = {isa = PBXFileReference; fileEncoding = 4; lastKnownFileType = sourcecode.c.objc; path = "MagicalRecord+Setup.m"; sourceTree = "<group>"; };
		B101F1401783B87A00A529C1 /* MagicalRecord+ShorthandSupport.h */ = {isa = PBXFileReference; fileEncoding = 4; lastKnownFileType = sourcecode.c.h; path = "MagicalRecord+ShorthandSupport.h"; sourceTree = "<group>"; };
		B101F1411783B87A00A529C1 /* MagicalRecord+ShorthandSupport.m */ = {isa = PBXFileReference; fileEncoding = 4; lastKnownFileType = sourcecode.c.objc; path = "MagicalRecord+ShorthandSupport.m"; sourceTree = "<group>"; };
		B101F1421783B87A00A529C1 /* MagicalRecord.h */ = {isa = PBXFileReference; fileEncoding = 4; lastKnownFileType = sourcecode.c.h; path = MagicalRecord.h; sourceTree = "<group>"; };
		B101F1431783B87A00A529C1 /* MagicalRecord.m */ = {isa = PBXFileReference; fileEncoding = 4; lastKnownFileType = sourcecode.c.objc; path = MagicalRecord.m; sourceTree = "<group>"; };
		B101F1441783B87A00A529C1 /* MagicalRecordShorthand.h */ = {isa = PBXFileReference; fileEncoding = 4; lastKnownFileType = sourcecode.c.h; path = MagicalRecordShorthand.h; sourceTree = "<group>"; };
		B101F1451783B87A00A529C1 /* CoreData+MagicalRecord.h */ = {isa = PBXFileReference; fileEncoding = 4; lastKnownFileType = sourcecode.c.h; path = "CoreData+MagicalRecord.h"; sourceTree = "<group>"; };
		B1C4057E17848A7F00339D27 /* Parse.framework */ = {isa = PBXFileReference; lastKnownFileType = wrapper.framework; path = Parse.framework; sourceTree = "<group>"; };
		B1C4058217848B9100339D27 /* CoreLocation.framework */ = {isa = PBXFileReference; lastKnownFileType = wrapper.framework; name = CoreLocation.framework; path = System/Library/Frameworks/CoreLocation.framework; sourceTree = SDKROOT; };
/* End PBXFileReference section */

/* Begin PBXFrameworksBuildPhase section */
		8B6D397515282F1700B296D6 /* Frameworks */ = {
			isa = PBXFrameworksBuildPhase;
			buildActionMask = 2147483647;
			files = (
				B1C4058317848B9200339D27 /* CoreLocation.framework in Frameworks */,
				B1C4058017848AF100339D27 /* Parse.framework in Frameworks */,
				8B5AFC5E152D181F000AF428 /* QuartzCore.framework in Frameworks */,
				8B5AFC5C152D180D000AF428 /* Security.framework in Frameworks */,
				8B5AFC5A152D17FE000AF428 /* libz.1.1.3.dylib in Frameworks */,
				8B6D398115282F1800B296D6 /* CoreGraphics.framework in Frameworks */,
				8B5AFC58152D17E6000AF428 /* MobileCoreServices.framework in Frameworks */,
				8B5AFC56152D17DD000AF428 /* SystemConfiguration.framework in Frameworks */,
				8B5AFC54152D17D1000AF428 /* CFNetwork.framework in Frameworks */,
				8B5AFC52152D17C6000AF428 /* AudioToolbox.framework in Frameworks */,
				8B6D397D15282F1800B296D6 /* UIKit.framework in Frameworks */,
				8B6D397F15282F1800B296D6 /* Foundation.framework in Frameworks */,
				8B6D3A101528447800B296D6 /* CoreData.framework in Frameworks */,
				8B22B7E915C2DFC800F01B27 /* Crashlytics.framework in Frameworks */,
			);
			runOnlyForDeploymentPostprocessing = 0;
		};
		8B6D399515282F1800B296D6 /* Frameworks */ = {
			isa = PBXFrameworksBuildPhase;
			buildActionMask = 2147483647;
			files = (
				B1C4058117848B0100339D27 /* Parse.framework in Frameworks */,
				B1C4057B1783F44100339D27 /* CoreData.framework in Frameworks */,
				8B6D399B15282F1800B296D6 /* SenTestingKit.framework in Frameworks */,
				8B6D399C15282F1800B296D6 /* UIKit.framework in Frameworks */,
				8B6D399D15282F1800B296D6 /* Foundation.framework in Frameworks */,
			);
			runOnlyForDeploymentPostprocessing = 0;
		};
/* End PBXFrameworksBuildPhase section */

/* Begin PBXGroup section */
		496E5B55160AE7D400BC00B5 /* MagicalRecord */ = {
			isa = PBXGroup;
			children = (
				B101F10B1783B87A00A529C1 /* Categories */,
				B101F1351783B87A00A529C1 /* Core */,
				B101F1451783B87A00A529C1 /* CoreData+MagicalRecord.h */,
			);
			name = MagicalRecord;
			path = ../../../MagicalRecord/MagicalRecord;
			sourceTree = "<group>";
		};
		8B5AFC35152D137D000AF428 /* FTASync */ = {
			isa = PBXGroup;
			children = (
				8B5AFC60152D2BD6000AF428 /* FTAParseSync.h */,
				8B5AFC61152D2BD7000AF428 /* FTAParseSync.m */,
				8B5AFC62152D2BD7000AF428 /* FTASync.h */,
				8B5AFC63152D2BD7000AF428 /* FTASyncHandler.h */,
				8B5AFC64152D2BD7000AF428 /* FTASyncHandler.m */,
			);
			name = FTASync;
			path = ../../../Source;
			sourceTree = "<group>";
		};
		8B6D396D15282F1700B296D6 = {
			isa = PBXGroup;
			children = (
				B1C4058217848B9100339D27 /* CoreLocation.framework */,
				8B6D398215282F1800B296D6 /* FTASyncDemo */,
				8B6D39A015282F1800B296D6 /* FTASyncDemoTests */,
				8B6D397B15282F1700B296D6 /* Frameworks */,
				8B6D397915282F1700B296D6 /* Products */,
			);
			sourceTree = "<group>";
		};
		8B6D397915282F1700B296D6 /* Products */ = {
			isa = PBXGroup;
			children = (
				8B6D397815282F1700B296D6 /* FTASyncDemo.app */,
				8B6D399915282F1800B296D6 /* FTASyncDemoTests.octest */,
			);
			name = Products;
			sourceTree = "<group>";
		};
		8B6D397B15282F1700B296D6 /* Frameworks */ = {
			isa = PBXGroup;
			children = (
				B1C4057E17848A7F00339D27 /* Parse.framework */,
				8B22B7E815C2DFC800F01B27 /* Crashlytics.framework */,
				8B5AFC5D152D181F000AF428 /* QuartzCore.framework */,
				8B5AFC5B152D180D000AF428 /* Security.framework */,
				8B5AFC59152D17FD000AF428 /* libz.1.1.3.dylib */,
				8B5AFC57152D17E6000AF428 /* MobileCoreServices.framework */,
				8B5AFC55152D17DD000AF428 /* SystemConfiguration.framework */,
				8B5AFC53152D17D1000AF428 /* CFNetwork.framework */,
				8B5AFC51152D17C6000AF428 /* AudioToolbox.framework */,
				8B6D3A0F1528447800B296D6 /* CoreData.framework */,
				8B6D397C15282F1800B296D6 /* UIKit.framework */,
				8B6D397E15282F1800B296D6 /* Foundation.framework */,
				8B6D398015282F1800B296D6 /* CoreGraphics.framework */,
				8B6D399A15282F1800B296D6 /* SenTestingKit.framework */,
			);
			name = Frameworks;
			sourceTree = "<group>";
		};
		8B6D398215282F1800B296D6 /* FTASyncDemo */ = {
			isa = PBXGroup;
			children = (
				8B6D39EB1528373F00B296D6 /* Data */,
				8B6D39B7152836E500B296D6 /* OpenSource */,
				8B6D398B15282F1800B296D6 /* FTAAppDelegate.h */,
				8B6D398C15282F1800B296D6 /* FTAAppDelegate.m */,
				8B6D3A0315283F3E00B296D6 /* FTAMainWindow.xib */,
				8B7A2642156090C7006FB602 /* FTASelectionTableViewController.h */,
				8B7A2643156090C8006FB602 /* FTASelectionTableViewController.m */,
				8B6D3A19152848AE00B296D6 /* FTAToDoTableViewController.h */,
				8B6D3A1A152848AE00B296D6 /* FTAToDoTableViewController.m */,
				8B6D3A1C1528497E00B296D6 /* FTAToDoDetailViewController.h */,
				8B6D3A1D1528497F00B296D6 /* FTAToDoDetailViewController.m */,
				8B6D3A1E1528498000B296D6 /* FTAToDoDetailViewController.xib */,
				8B6D3A0A152840EC00B296D6 /* FTAPersonTableViewController.h */,
				8B6D3A0B152840EC00B296D6 /* FTAPersonTableViewController.m */,
				8B7A263015607CCE006FB602 /* FTAPersonDetailViewController.h */,
				8B7A263115607CCF006FB602 /* FTAPersonDetailViewController.m */,
				8B7A263215607CCF006FB602 /* FTAPersonDetailViewController.xib */,
				8B345362157C2B4200725E14 /* FTASetupViewController.h */,
				8B345363157C2B4200725E14 /* FTASetupViewController.m */,
				8B7A263B15608327006FB602 /* Resources */,
				8B6D398315282F1800B296D6 /* Supporting Files */,
			);
			path = FTASyncDemo;
			sourceTree = "<group>";
		};
		8B6D398315282F1800B296D6 /* Supporting Files */ = {
			isa = PBXGroup;
			children = (
				8B6D398415282F1800B296D6 /* FTASyncDemo-Info.plist */,
				8B6D398515282F1800B296D6 /* InfoPlist.strings */,
				8B6D398815282F1800B296D6 /* main.m */,
				8B6D398A15282F1800B296D6 /* FTASyncDemo-Prefix.pch */,
				8B6D39B11528313900B296D6 /* DefaultPrefs.plist */,
				B101F1091783176E00A529C1 /* ParseKeys.h */,
			);
			name = "Supporting Files";
			sourceTree = "<group>";
		};
		8B6D39A015282F1800B296D6 /* FTASyncDemoTests */ = {
			isa = PBXGroup;
			children = (
				8B6D39A615282F1800B296D6 /* FTASyncTests.h */,
				8B6D39A715282F1800B296D6 /* FTASyncTests.m */,
				8B6D39A115282F1800B296D6 /* Supporting Files */,
			);
			path = FTASyncDemoTests;
			sourceTree = "<group>";
		};
		8B6D39A115282F1800B296D6 /* Supporting Files */ = {
			isa = PBXGroup;
			children = (
				8B6D39A215282F1800B296D6 /* FTASyncDemoTests-Info.plist */,
				8B6D39A315282F1800B296D6 /* InfoPlist.strings */,
			);
			name = "Supporting Files";
			sourceTree = "<group>";
		};
		8B6D39B7152836E500B296D6 /* OpenSource */ = {
			isa = PBXGroup;
			children = (
				496E5B55160AE7D400BC00B5 /* MagicalRecord */,
				8B5AFC35152D137D000AF428 /* FTASync */,
				8B937B26157AC84C00FA3E39 /* NPReachability */,
			);
			path = OpenSource;
			sourceTree = "<group>";
		};
		8B6D39EB1528373F00B296D6 /* Data */ = {
			isa = PBXGroup;
			children = (
				496E58F1160ABFFE00BC00B5 /* _AbstractPerson.h */,
				496E58F2160ABFFE00BC00B5 /* _AbstractPerson.m */,
				496E58F3160ABFFE00BC00B5 /* AbstractPerson.h */,
				496E58F4160ABFFE00BC00B5 /* AbstractPerson.m */,
				8B6D39EC1528379F00B296D6 /* FTASyncDemo.xcdatamodeld */,
				8B5AFC6A152D2EED000AF428 /* _FTASyncParent.h */,
				8B5AFC6B152D2EED000AF428 /* _FTASyncParent.m */,
				8B7A263515607D98006FB602 /* _Person.h */,
				8B7A263615607D98006FB602 /* _Person.m */,
				8B6D39FD15283DFC00B296D6 /* _ToDoItem.h */,
				8B6D39FE15283DFC00B296D6 /* _ToDoItem.m */,
				8B937B2B157BDDF800FA3E39 /* FTASyncParent.h */,
				8B937B2C157BDDF800FA3E39 /* FTASyncParent.m */,
				8B7A263815607DA5006FB602 /* Person.h */,
				8B7A263915607DA5006FB602 /* Person.m */,
				8B6D39FF15283DFC00B296D6 /* ToDoItem.h */,
				8B6D3A0015283DFC00B296D6 /* ToDoItem.m */,
			);
			name = Data;
			path = DataClasses;
			sourceTree = "<group>";
		};
		8B7A263B15608327006FB602 /* Resources */ = {
			isa = PBXGroup;
			children = (
				8B7A263C15608327006FB602 /* preview.png */,
				8B7A263D15608327006FB602 /* setup.png */,
				8B7A263E15608327006FB602 /* user.png */,
			);
			path = Resources;
			sourceTree = "<group>";
		};
		8B937B26157AC84C00FA3E39 /* NPReachability */ = {
			isa = PBXGroup;
			children = (
				8B937B27157AC84C00FA3E39 /* NPReachability.h */,
				8B937B28157AC84C00FA3E39 /* NPReachability.m */,
			);
			path = NPReachability;
			sourceTree = "<group>";
		};
		B101F10B1783B87A00A529C1 /* Categories */ = {
			isa = PBXGroup;
			children = (
				B101F10C1783B87A00A529C1 /* DataImport */,
				B101F11B1783B87A00A529C1 /* NSManagedObject */,
				B101F1261783B87A00A529C1 /* NSManagedObjectContext */,
				B101F12F1783B87A00A529C1 /* NSManagedObjectModel+MagicalRecord.h */,
				B101F1301783B87A00A529C1 /* NSManagedObjectModel+MagicalRecord.m */,
				B101F1311783B87A00A529C1 /* NSPersistentStore+MagicalRecord.h */,
				B101F1321783B87A00A529C1 /* NSPersistentStore+MagicalRecord.m */,
				B101F1331783B87A00A529C1 /* NSPersistentStoreCoordinator+MagicalRecord.h */,
				B101F1341783B87A00A529C1 /* NSPersistentStoreCoordinator+MagicalRecord.m */,
			);
			path = Categories;
			sourceTree = "<group>";
		};
		B101F10C1783B87A00A529C1 /* DataImport */ = {
			isa = PBXGroup;
			children = (
				B101F10D1783B87A00A529C1 /* MagicalImportFunctions.h */,
				B101F10E1783B87A00A529C1 /* MagicalImportFunctions.m */,
				B101F10F1783B87A00A529C1 /* NSAttributeDescription+MagicalDataImport.h */,
				B101F1101783B87A00A529C1 /* NSAttributeDescription+MagicalDataImport.m */,
				B101F1111783B87A00A529C1 /* NSEntityDescription+MagicalDataImport.h */,
				B101F1121783B87A00A529C1 /* NSEntityDescription+MagicalDataImport.m */,
				B101F1131783B87A00A529C1 /* NSNumber+MagicalDataImport.h */,
				B101F1141783B87A00A529C1 /* NSNumber+MagicalDataImport.m */,
				B101F1151783B87A00A529C1 /* NSObject+MagicalDataImport.h */,
				B101F1161783B87A00A529C1 /* NSObject+MagicalDataImport.m */,
				B101F1171783B87A00A529C1 /* NSRelationshipDescription+MagicalDataImport.h */,
				B101F1181783B87A00A529C1 /* NSRelationshipDescription+MagicalDataImport.m */,
				B101F1191783B87A00A529C1 /* NSString+MagicalDataImport.h */,
				B101F11A1783B87A00A529C1 /* NSString+MagicalDataImport.m */,
			);
			path = DataImport;
			sourceTree = "<group>";
		};
		B101F11B1783B87A00A529C1 /* NSManagedObject */ = {
			isa = PBXGroup;
			children = (
				B101F11C1783B87A00A529C1 /* NSManagedObject+MagicalAggregation.h */,
				B101F11D1783B87A00A529C1 /* NSManagedObject+MagicalAggregation.m */,
				B101F11E1783B87A00A529C1 /* NSManagedObject+MagicalDataImport.h */,
				B101F11F1783B87A00A529C1 /* NSManagedObject+MagicalDataImport.m */,
				B101F1201783B87A00A529C1 /* NSManagedObject+MagicalFinders.h */,
				B101F1211783B87A00A529C1 /* NSManagedObject+MagicalFinders.m */,
				B101F1221783B87A00A529C1 /* NSManagedObject+MagicalRecord.h */,
				B101F1231783B87A00A529C1 /* NSManagedObject+MagicalRecord.m */,
				B101F1241783B87A00A529C1 /* NSManagedObject+MagicalRequests.h */,
				B101F1251783B87A00A529C1 /* NSManagedObject+MagicalRequests.m */,
			);
			path = NSManagedObject;
			sourceTree = "<group>";
		};
		B101F1261783B87A00A529C1 /* NSManagedObjectContext */ = {
			isa = PBXGroup;
			children = (
				B101F1271783B87A00A529C1 /* NSManagedObjectContext+MagicalObserving.h */,
				B101F1281783B87A00A529C1 /* NSManagedObjectContext+MagicalObserving.m */,
				B101F1291783B87A00A529C1 /* NSManagedObjectContext+MagicalRecord.h */,
				B101F12A1783B87A00A529C1 /* NSManagedObjectContext+MagicalRecord.m */,
				B101F12B1783B87A00A529C1 /* NSManagedObjectContext+MagicalSaves.h */,
				B101F12C1783B87A00A529C1 /* NSManagedObjectContext+MagicalSaves.m */,
				B101F12D1783B87A00A529C1 /* NSManagedObjectContext+MagicalThreading.h */,
				B101F12E1783B87A00A529C1 /* NSManagedObjectContext+MagicalThreading.m */,
			);
			path = NSManagedObjectContext;
			sourceTree = "<group>";
		};
		B101F1351783B87A00A529C1 /* Core */ = {
			isa = PBXGroup;
			children = (
				B101F1361783B87A00A529C1 /* MagicalRecord+Actions.h */,
				B101F1371783B87A00A529C1 /* MagicalRecord+Actions.m */,
				B101F1381783B87A00A529C1 /* MagicalRecord+ErrorHandling.h */,
				B101F1391783B87A00A529C1 /* MagicalRecord+ErrorHandling.m */,
				B101F13A1783B87A00A529C1 /* MagicalRecord+iCloud.h */,
				B101F13B1783B87A00A529C1 /* MagicalRecord+iCloud.m */,
				B101F13C1783B87A00A529C1 /* MagicalRecord+Options.h */,
				B101F13D1783B87A00A529C1 /* MagicalRecord+Options.m */,
				B101F13E1783B87A00A529C1 /* MagicalRecord+Setup.h */,
				B101F13F1783B87A00A529C1 /* MagicalRecord+Setup.m */,
				B101F1401783B87A00A529C1 /* MagicalRecord+ShorthandSupport.h */,
				B101F1411783B87A00A529C1 /* MagicalRecord+ShorthandSupport.m */,
				B101F1421783B87A00A529C1 /* MagicalRecord.h */,
				B101F1431783B87A00A529C1 /* MagicalRecord.m */,
				B101F1441783B87A00A529C1 /* MagicalRecordShorthand.h */,
			);
			path = Core;
			sourceTree = "<group>";
		};
/* End PBXGroup section */

/* Begin PBXNativeTarget section */
		8B6D397715282F1700B296D6 /* FTASyncDemo */ = {
			isa = PBXNativeTarget;
			buildConfigurationList = 8B6D39AB15282F1800B296D6 /* Build configuration list for PBXNativeTarget "FTASyncDemo" */;
			buildPhases = (
				8B6D397415282F1700B296D6 /* Sources */,
				8B6D397515282F1700B296D6 /* Frameworks */,
				8B6D397615282F1700B296D6 /* Resources */,
				8B22B7E615C2DF9800F01B27 /* ShellScript */,
			);
			buildRules = (
			);
			dependencies = (
			);
			name = FTASyncDemo;
			productName = FTASyncDemo;
			productReference = 8B6D397815282F1700B296D6 /* FTASyncDemo.app */;
			productType = "com.apple.product-type.application";
		};
		8B6D399815282F1800B296D6 /* FTASyncDemoTests */ = {
			isa = PBXNativeTarget;
			buildConfigurationList = 8B6D39AE15282F1800B296D6 /* Build configuration list for PBXNativeTarget "FTASyncDemoTests" */;
			buildPhases = (
				8B6D399415282F1800B296D6 /* Sources */,
				8B6D399515282F1800B296D6 /* Frameworks */,
				8B6D399615282F1800B296D6 /* Resources */,
				8B6D399715282F1800B296D6 /* ShellScript */,
			);
			buildRules = (
			);
			dependencies = (
				8B6D399F15282F1800B296D6 /* PBXTargetDependency */,
			);
			name = FTASyncDemoTests;
			productName = FTASyncDemoTests;
			productReference = 8B6D399915282F1800B296D6 /* FTASyncDemoTests.octest */;
			productType = "com.apple.product-type.bundle";
		};
/* End PBXNativeTarget section */

/* Begin PBXProject section */
		8B6D396F15282F1700B296D6 /* Project object */ = {
			isa = PBXProject;
			attributes = {
				LastUpgradeCheck = 0450;
				ORGANIZATIONNAME = "Five3 Apps";
			};
			buildConfigurationList = 8B6D397215282F1700B296D6 /* Build configuration list for PBXProject "FTASyncDemo" */;
			compatibilityVersion = "Xcode 3.2";
			developmentRegion = English;
			hasScannedForEncodings = 0;
			knownRegions = (
				en,
			);
			mainGroup = 8B6D396D15282F1700B296D6;
			productRefGroup = 8B6D397915282F1700B296D6 /* Products */;
			projectDirPath = "";
			projectRoot = "";
			targets = (
				8B6D397715282F1700B296D6 /* FTASyncDemo */,
				8B6D399815282F1800B296D6 /* FTASyncDemoTests */,
				8B6D39F715283B2400B296D6 /* Mogenerator */,
			);
		};
/* End PBXProject section */

/* Begin PBXResourcesBuildPhase section */
		8B6D397615282F1700B296D6 /* Resources */ = {
			isa = PBXResourcesBuildPhase;
			buildActionMask = 2147483647;
			files = (
				8B6D398715282F1800B296D6 /* InfoPlist.strings in Resources */,
				8B6D39B21528313900B296D6 /* DefaultPrefs.plist in Resources */,
				8B6D3A0415283F3E00B296D6 /* FTAMainWindow.xib in Resources */,
				8B6D3A201528498000B296D6 /* FTAToDoDetailViewController.xib in Resources */,
				8B7A263415607CCF006FB602 /* FTAPersonDetailViewController.xib in Resources */,
				8B7A263F15608327006FB602 /* preview.png in Resources */,
				8B7A264015608327006FB602 /* setup.png in Resources */,
				8B7A264115608327006FB602 /* user.png in Resources */,
			);
			runOnlyForDeploymentPostprocessing = 0;
		};
		8B6D399615282F1800B296D6 /* Resources */ = {
			isa = PBXResourcesBuildPhase;
			buildActionMask = 2147483647;
			files = (
				8B6D39A515282F1800B296D6 /* InfoPlist.strings in Resources */,
			);
			runOnlyForDeploymentPostprocessing = 0;
		};
/* End PBXResourcesBuildPhase section */

/* Begin PBXShellScriptBuildPhase section */
		8B22B7E615C2DF9800F01B27 /* ShellScript */ = {
			isa = PBXShellScriptBuildPhase;
			buildActionMask = 2147483647;
			files = (
			);
			inputPaths = (
			);
			outputPaths = (
			);
			runOnlyForDeploymentPostprocessing = 0;
			shellPath = /bin/sh;
			shellScript = "#./Crashlytics.framework/run 56f41c5460088ffa1b8d6b81e41c844acb87a868";
		};
		8B6D399715282F1800B296D6 /* ShellScript */ = {
			isa = PBXShellScriptBuildPhase;
			buildActionMask = 2147483647;
			files = (
			);
			inputPaths = (
			);
			outputPaths = (
			);
			runOnlyForDeploymentPostprocessing = 0;
			shellPath = /bin/sh;
			shellScript = "# Run the unit tests in this test bundle.\n\"${SYSTEM_DEVELOPER_DIR}/Tools/RunUnitTests\"\n";
		};
		8B6D39FB15283B4C00B296D6 /* ShellScript */ = {
			isa = PBXShellScriptBuildPhase;
			buildActionMask = 2147483647;
			files = (
			);
			inputPaths = (
			);
			outputPaths = (
			);
			runOnlyForDeploymentPostprocessing = 0;
			shellPath = /bin/sh;
			shellScript = "cd FTASyncDemo\nmogenerator -m DataClasses/FTASyncDemo.xcdatamodeld/FTASyncDemo3.xcdatamodel/ --output-dir DataClasses/ --template-var arc=true\nrm DataClasses/FTASyncParent.*";
		};
/* End PBXShellScriptBuildPhase section */

/* Begin PBXSourcesBuildPhase section */
		8B6D397415282F1700B296D6 /* Sources */ = {
			isa = PBXSourcesBuildPhase;
			buildActionMask = 2147483647;
			files = (
				8B6D398915282F1800B296D6 /* main.m in Sources */,
				8B6D398D15282F1800B296D6 /* FTAAppDelegate.m in Sources */,
				8B6D39EE1528379F00B296D6 /* FTASyncDemo.xcdatamodeld in Sources */,
				8B6D3A0115283DFC00B296D6 /* _ToDoItem.m in Sources */,
				8B6D3A0215283DFC00B296D6 /* ToDoItem.m in Sources */,
				8B6D3A0C152840ED00B296D6 /* FTAPersonTableViewController.m in Sources */,
				8B6D3A1B152848AF00B296D6 /* FTAToDoTableViewController.m in Sources */,
				8B6D3A1F1528498000B296D6 /* FTAToDoDetailViewController.m in Sources */,
				8B5AFC67152D2BD7000AF428 /* FTAParseSync.m in Sources */,
				8B5AFC68152D2BD7000AF428 /* FTASyncHandler.m in Sources */,
				8B5AFC6E152D2EED000AF428 /* _FTASyncParent.m in Sources */,
				8B7A263315607CCF006FB602 /* FTAPersonDetailViewController.m in Sources */,
				8B7A263715607D98006FB602 /* _Person.m in Sources */,
				8B7A263A15607DA5006FB602 /* Person.m in Sources */,
				8B7A2644156090C8006FB602 /* FTASelectionTableViewController.m in Sources */,
				8B937B29157AC84C00FA3E39 /* NPReachability.m in Sources */,
				8B937B2D157BDDF800FA3E39 /* FTASyncParent.m in Sources */,
				8B345364157C2B4200725E14 /* FTASetupViewController.m in Sources */,
				496E58F5160ABFFE00BC00B5 /* _AbstractPerson.m in Sources */,
				496E58F6160ABFFE00BC00B5 /* AbstractPerson.m in Sources */,
				B101F1461783B87A00A529C1 /* MagicalImportFunctions.m in Sources */,
				B101F1471783B87A00A529C1 /* NSAttributeDescription+MagicalDataImport.m in Sources */,
				B101F1481783B87A00A529C1 /* NSEntityDescription+MagicalDataImport.m in Sources */,
				B101F1491783B87A00A529C1 /* NSNumber+MagicalDataImport.m in Sources */,
				B101F14A1783B87A00A529C1 /* NSObject+MagicalDataImport.m in Sources */,
				B101F14B1783B87A00A529C1 /* NSRelationshipDescription+MagicalDataImport.m in Sources */,
				B101F14C1783B87A00A529C1 /* NSString+MagicalDataImport.m in Sources */,
				B101F14D1783B87A00A529C1 /* NSManagedObject+MagicalAggregation.m in Sources */,
				B101F14E1783B87A00A529C1 /* NSManagedObject+MagicalDataImport.m in Sources */,
				B101F14F1783B87A00A529C1 /* NSManagedObject+MagicalFinders.m in Sources */,
				B101F1501783B87A00A529C1 /* NSManagedObject+MagicalRecord.m in Sources */,
				B101F1511783B87A00A529C1 /* NSManagedObject+MagicalRequests.m in Sources */,
				B101F1521783B87A00A529C1 /* NSManagedObjectContext+MagicalObserving.m in Sources */,
				B101F1531783B87A00A529C1 /* NSManagedObjectContext+MagicalRecord.m in Sources */,
				B101F1541783B87A00A529C1 /* NSManagedObjectContext+MagicalSaves.m in Sources */,
				B101F1551783B87A00A529C1 /* NSManagedObjectContext+MagicalThreading.m in Sources */,
				B101F1561783B87A00A529C1 /* NSManagedObjectModel+MagicalRecord.m in Sources */,
				B101F1571783B87A00A529C1 /* NSPersistentStore+MagicalRecord.m in Sources */,
				B101F1581783B87A00A529C1 /* NSPersistentStoreCoordinator+MagicalRecord.m in Sources */,
				B101F1591783B87A00A529C1 /* MagicalRecord+Actions.m in Sources */,
				B101F15A1783B87A00A529C1 /* MagicalRecord+ErrorHandling.m in Sources */,
				B101F15B1783B87A00A529C1 /* MagicalRecord+iCloud.m in Sources */,
				B101F15C1783B87A00A529C1 /* MagicalRecord+Options.m in Sources */,
				B101F15D1783B87A00A529C1 /* MagicalRecord+Setup.m in Sources */,
				B101F15E1783B87A00A529C1 /* MagicalRecord+ShorthandSupport.m in Sources */,
				B101F15F1783B87A00A529C1 /* MagicalRecord.m in Sources */,
			);
			runOnlyForDeploymentPostprocessing = 0;
		};
		8B6D399415282F1800B296D6 /* Sources */ = {
			isa = PBXSourcesBuildPhase;
			buildActionMask = 2147483647;
			files = (
				8B6D39A815282F1800B296D6 /* FTASyncTests.m in Sources */,
			);
			runOnlyForDeploymentPostprocessing = 0;
		};
/* End PBXSourcesBuildPhase section */

/* Begin PBXTargetDependency section */
		8B6D399F15282F1800B296D6 /* PBXTargetDependency */ = {
			isa = PBXTargetDependency;
			target = 8B6D397715282F1700B296D6 /* FTASyncDemo */;
			targetProxy = 8B6D399E15282F1800B296D6 /* PBXContainerItemProxy */;
		};
/* End PBXTargetDependency section */

/* Begin PBXVariantGroup section */
		8B6D398515282F1800B296D6 /* InfoPlist.strings */ = {
			isa = PBXVariantGroup;
			children = (
				8B6D398615282F1800B296D6 /* en */,
			);
			name = InfoPlist.strings;
			sourceTree = "<group>";
		};
		8B6D39A315282F1800B296D6 /* InfoPlist.strings */ = {
			isa = PBXVariantGroup;
			children = (
				8B6D39A415282F1800B296D6 /* en */,
			);
			name = InfoPlist.strings;
			sourceTree = "<group>";
		};
/* End PBXVariantGroup section */

/* Begin XCBuildConfiguration section */
		8B6D39A915282F1800B296D6 /* Debug */ = {
			isa = XCBuildConfiguration;
			buildSettings = {
				ALWAYS_SEARCH_USER_PATHS = NO;
				ARCHS = "$(ARCHS_STANDARD_32_BIT)";
				CLANG_ENABLE_OBJC_ARC = YES;
				"CODE_SIGN_IDENTITY[sdk=iphoneos*]" = "";
				COPY_PHASE_STRIP = NO;
				GCC_C_LANGUAGE_STANDARD = gnu99;
				GCC_DYNAMIC_NO_PIC = NO;
				GCC_OPTIMIZATION_LEVEL = 0;
				GCC_PREPROCESSOR_DEFINITIONS = (
					"DEBUG=1",
					"$(inherited)",
				);
				GCC_SYMBOLS_PRIVATE_EXTERN = NO;
				GCC_VERSION = com.apple.compilers.llvm.clang.1_0;
				GCC_WARN_ABOUT_MISSING_PROTOTYPES = YES;
				GCC_WARN_ABOUT_RETURN_TYPE = YES;
				GCC_WARN_UNUSED_VARIABLE = YES;
				IPHONEOS_DEPLOYMENT_TARGET = 5.0;
				SDKROOT = iphoneos;
			};
			name = Debug;
		};
		8B6D39AA15282F1800B296D6 /* Release */ = {
			isa = XCBuildConfiguration;
			buildSettings = {
				ALWAYS_SEARCH_USER_PATHS = NO;
				ARCHS = "$(ARCHS_STANDARD_32_BIT)";
				CLANG_ENABLE_OBJC_ARC = YES;
				"CODE_SIGN_IDENTITY[sdk=iphoneos*]" = "";
				COPY_PHASE_STRIP = YES;
				GCC_C_LANGUAGE_STANDARD = gnu99;
				GCC_VERSION = com.apple.compilers.llvm.clang.1_0;
				GCC_WARN_ABOUT_MISSING_PROTOTYPES = YES;
				GCC_WARN_ABOUT_RETURN_TYPE = YES;
				GCC_WARN_UNUSED_VARIABLE = YES;
				IPHONEOS_DEPLOYMENT_TARGET = 5.0;
				OTHER_CFLAGS = "-DNS_BLOCK_ASSERTIONS=1";
				SDKROOT = iphoneos;
				VALIDATE_PRODUCT = YES;
			};
			name = Release;
		};
		8B6D39AC15282F1800B296D6 /* Debug */ = {
			isa = XCBuildConfiguration;
			buildSettings = {
				ARCHS = armv7;
				"CODE_SIGN_IDENTITY[sdk=iphoneos*]" = "iPhone Developer";
				FRAMEWORK_SEARCH_PATHS = (
					"$(inherited)",
					"\"$(SRCROOT)\"",
					"\"$(SRCROOT)/../../../../Downloads\"",
				);
				GCC_PRECOMPILE_PREFIX_HEADER = YES;
				GCC_PREFIX_HEADER = "FTASyncDemo/FTASyncDemo-Prefix.pch";
				INFOPLIST_FILE = "FTASyncDemo/FTASyncDemo-Info.plist";
				PRODUCT_NAME = "$(TARGET_NAME)";
				"PROVISIONING_PROFILE[sdk=iphoneos*]" = "";
				WRAPPER_EXTENSION = app;
			};
			name = Debug;
		};
		8B6D39AD15282F1800B296D6 /* Release */ = {
			isa = XCBuildConfiguration;
			buildSettings = {
				ARCHS = armv7;
				FRAMEWORK_SEARCH_PATHS = (
					"$(inherited)",
					"\"$(SRCROOT)\"",
					"\"$(SRCROOT)/../../../../Downloads\"",
				);
				GCC_PRECOMPILE_PREFIX_HEADER = YES;
				GCC_PREFIX_HEADER = "FTASyncDemo/FTASyncDemo-Prefix.pch";
				INFOPLIST_FILE = "FTASyncDemo/FTASyncDemo-Info.plist";
				PRODUCT_NAME = "$(TARGET_NAME)";
				WRAPPER_EXTENSION = app;
			};
			name = Release;
		};
		8B6D39AF15282F1800B296D6 /* Debug */ = {
			isa = XCBuildConfiguration;
			buildSettings = {
				BUNDLE_LOADER = "$(BUILT_PRODUCTS_DIR)/FTASyncDemo.app/FTASyncDemo";
				FRAMEWORK_SEARCH_PATHS = (
					"$(SDKROOT)/Developer/Library/Frameworks",
					"$(DEVELOPER_LIBRARY_DIR)/Frameworks",
					"\"$(SRCROOT)\"",
				);
				GCC_PRECOMPILE_PREFIX_HEADER = YES;
				GCC_PREFIX_HEADER = "FTASyncDemo/FTASyncDemo-Prefix.pch";
				INFOPLIST_FILE = "FTASyncDemoTests/FTASyncDemoTests-Info.plist";
				PRODUCT_NAME = "$(TARGET_NAME)";
				TEST_HOST = "$(BUNDLE_LOADER)";
				WRAPPER_EXTENSION = octest;
			};
			name = Debug;
		};
		8B6D39B015282F1800B296D6 /* Release */ = {
			isa = XCBuildConfiguration;
			buildSettings = {
				BUNDLE_LOADER = "$(BUILT_PRODUCTS_DIR)/FTASyncDemo.app/FTASyncDemo";
				FRAMEWORK_SEARCH_PATHS = (
					"$(SDKROOT)/Developer/Library/Frameworks",
					"$(DEVELOPER_LIBRARY_DIR)/Frameworks",
					"\"$(SRCROOT)\"",
				);
				GCC_PRECOMPILE_PREFIX_HEADER = YES;
				GCC_PREFIX_HEADER = "FTASyncDemo/FTASyncDemo-Prefix.pch";
				INFOPLIST_FILE = "FTASyncDemoTests/FTASyncDemoTests-Info.plist";
				PRODUCT_NAME = "$(TARGET_NAME)";
				TEST_HOST = "$(BUNDLE_LOADER)";
				WRAPPER_EXTENSION = octest;
			};
			name = Release;
		};
		8B6D39F915283B2400B296D6 /* Debug */ = {
			isa = XCBuildConfiguration;
			buildSettings = {
				PRODUCT_NAME = "$(TARGET_NAME)";
			};
			name = Debug;
		};
		8B6D39FA15283B2400B296D6 /* Release */ = {
			isa = XCBuildConfiguration;
			buildSettings = {
				PRODUCT_NAME = "$(TARGET_NAME)";
			};
			name = Release;
		};
/* End XCBuildConfiguration section */

/* Begin XCConfigurationList section */
		8B6D397215282F1700B296D6 /* Build configuration list for PBXProject "FTASyncDemo" */ = {
			isa = XCConfigurationList;
			buildConfigurations = (
				8B6D39A915282F1800B296D6 /* Debug */,
				8B6D39AA15282F1800B296D6 /* Release */,
			);
			defaultConfigurationIsVisible = 0;
			defaultConfigurationName = Release;
		};
		8B6D39AB15282F1800B296D6 /* Build configuration list for PBXNativeTarget "FTASyncDemo" */ = {
			isa = XCConfigurationList;
			buildConfigurations = (
				8B6D39AC15282F1800B296D6 /* Debug */,
				8B6D39AD15282F1800B296D6 /* Release */,
			);
			defaultConfigurationIsVisible = 0;
			defaultConfigurationName = Release;
		};
		8B6D39AE15282F1800B296D6 /* Build configuration list for PBXNativeTarget "FTASyncDemoTests" */ = {
			isa = XCConfigurationList;
			buildConfigurations = (
				8B6D39AF15282F1800B296D6 /* Debug */,
				8B6D39B015282F1800B296D6 /* Release */,
			);
			defaultConfigurationIsVisible = 0;
			defaultConfigurationName = Release;
		};
		8B6D39F815283B2400B296D6 /* Build configuration list for PBXAggregateTarget "Mogenerator" */ = {
			isa = XCConfigurationList;
			buildConfigurations = (
				8B6D39F915283B2400B296D6 /* Debug */,
				8B6D39FA15283B2400B296D6 /* Release */,
			);
			defaultConfigurationIsVisible = 0;
			defaultConfigurationName = Release;
		};
/* End XCConfigurationList section */

/* Begin XCVersionGroup section */
		8B6D39EC1528379F00B296D6 /* FTASyncDemo.xcdatamodeld */ = {
			isa = XCVersionGroup;
			children = (
				496E58EF160ABEC300BC00B5 /* FTASyncDemo3.xcdatamodel */,
				8B5AFC5F152D1BC4000AF428 /* FTASyncDemo1.xcdatamodel */,
				8B6D39ED1528379F00B296D6 /* FTASyncDemo.xcdatamodel */,
				8B7A262615607515006FB602 /* FTASyncDemo2.xcdatamodel */,
			);
			currentVersion = 496E58EF160ABEC300BC00B5 /* FTASyncDemo3.xcdatamodel */;
			path = FTASyncDemo.xcdatamodeld;
			sourceTree = "<group>";
			versionGroupType = wrapper.xcdatamodel;
		};
/* End XCVersionGroup section */
	};
	rootObject = 8B6D396F15282F1700B296D6 /* Project object */;
}
